
Microsoft Visual Studio Solution File, Format Version 12.00
# Visual Studio 15
VisualStudioVersion = 15.0.27703.2042
MinimumVisualStudioVersion = 10.0.40219.1
Project("{FAE04EC0-301F-11D3-BF4B-00C04F79EFBC}") = "Hummingbird.Airlines.SVC", "Hummingbird.Airlines.SVC\Hummingbird.Airlines.SVC.csproj", "{84D4A47B-E6F5-40BF-AC5B-66FDB4862E98}"
EndProject
Project("{2150E333-8FDC-42A3-9474-1A3956D46DE8}") = "Common", "Common", "{51A1751B-F7CD-4742-8877-CE67E4769FAC}"
	ProjectSection(SolutionItems) = preProject
		Backend.xsd = Backend.xsd
		Middleware.xsd = Middleware.xsd
	EndProjectSection
EndProject
Global
	GlobalSection(SolutionConfigurationPlatforms) = preSolution
		Debug|Any CPU = Debug|Any CPU
		Release|Any CPU = Release|Any CPU
	EndGlobalSection
	GlobalSection(ProjectConfigurationPlatforms) = postSolution
		{84D4A47B-E6F5-40BF-AC5B-66FDB4862E98}.Debug|Any CPU.ActiveCfg = Debug|Any CPU
		{84D4A47B-E6F5-40BF-AC5B-66FDB4862E98}.Debug|Any CPU.Build.0 = Debug|Any CPU
		{84D4A47B-E6F5-40BF-AC5B-66FDB4862E98}.Release|Any CPU.ActiveCfg = Release|Any CPU
		{84D4A47B-E6F5-40BF-AC5B-66FDB4862E98}.Release|Any CPU.Build.0 = Release|Any CPU
	EndGlobalSection
	GlobalSection(SolutionProperties) = preSolution
		HideSolutionNode = FALSE
	EndGlobalSection
	GlobalSection(ExtensibilityGlobals) = postSolution
		SolutionGuid = {768A32EA-0EA2-4069-85F7-02D70B892748}
	EndGlobalSection
EndGlobal
